
Microsoft Visual Studio Solution File, Format Version 12.00
# Visual Studio 2017
Project("{FAE04EC0-301F-11D3-BF4B-00C04F79EFBC}") = "MixedRealityTest", "MixedRealityTest.csproj", "{39CAD9A9-7780-F890-2727-217430488717}"
EndProject
Project("{FAE04EC0-301F-11D3-BF4B-00C04F79EFBC}") = "MixedRealityTest.Editor", "MixedRealityTest.Editor.csproj", "{631BAF82-7728-408C-7051-F6730737F3FF}"
EndProject
Global
	GlobalSection(SolutionConfigurationPlatforms) = preSolution
		Debug|Any CPU = Debug|Any CPU
		Release|Any CPU = Release|Any CPU
	EndGlobalSection
	GlobalSection(ProjectConfigurationPlatforms) = postSolution
		{39CAD9A9-7780-F890-2727-217430488717}.Debug|Any CPU.ActiveCfg = Debug|Any CPU
		{39CAD9A9-7780-F890-2727-217430488717}.Debug|Any CPU.Build.0 = Debug|Any CPU
		{39CAD9A9-7780-F890-2727-217430488717}.Release|Any CPU.ActiveCfg = Release|Any CPU
		{39CAD9A9-7780-F890-2727-217430488717}.Release|Any CPU.Build.0 = Release|Any CPU
		{631BAF82-7728-408C-7051-F6730737F3FF}.Debug|Any CPU.ActiveCfg = Debug|Any CPU
		{631BAF82-7728-408C-7051-F6730737F3FF}.Debug|Any CPU.Build.0 = Debug|Any CPU
		{631BAF82-7728-408C-7051-F6730737F3FF}.Release|Any CPU.ActiveCfg = Release|Any CPU
		{631BAF82-7728-408C-7051-F6730737F3FF}.Release|Any CPU.Build.0 = Release|Any CPU
	EndGlobalSection
	GlobalSection(SolutionProperties) = preSolution
		HideSolutionNode = FALSE
	EndGlobalSection
EndGlobal
